{"plugins":{"phpunit":{"api-version":"1.0.0","version":"1.0.0.0","type":"php-file","url":"https://phpcq.github.io/repository/plugin/phpunit/phpunit-1.0.0.0.php","signature":null,"requirements":{"php":{"php":"^7.3 || ^8.0"},"tool":{"phpunit":"^6.0 || ^7.0 || ^8.0 || ^9.0"}},"checksum":{"type":"sha-512","value":"c73f15658e3ba62665f09492ec91c3a6a715760bfaa88473a987538439fff442540148e086e46a6aa18ce55a3ea2fbf76caaa581384cb84a38859fcc609ae7e4"},"tools":{"phpunit":{"version":"9.6.20","url":"https://phar.phpunit.de/phpunit-9.6.20.phar","requirements":{"php":{"php":">=7.3","ext-dom":"*","ext-json":"*","ext-libxml":"*","ext-mbstring":"*","ext-xml":"*","ext-xmlwriter":"*"}},"checksum":{"type":"sha-256","value":"4b49fdf48a3fdb5f4f4b5b18c43a542e75787edaf6a6ab39713f579d0a018210"},"signature":"https://phar.phpunit.de/phpunit-9.6.20.phar.asc"}},"composerLock":null},"psalm":{"api-version":"1.0.0","version":"1.2.0.0","type":"php-file","url":"https://phpcq.github.io/repository/plugin/psalm/psalm-1.2.0.0.php","signature":null,"requirements":{"php":{"php":"^7.4 || ^8.0","ext-dom":"*"},"tool":{"psalm":"^3.0 || ^4.0 || ^5.0"}},"checksum":{"type":"sha-512","value":"4a550c9226d7bca582d7c10bd87cce01190c96398936b1613421640c83df62ed1c6e0d44c1b39635414ea8cf4a892a6458d27590793238add24e7cb5547e6ffd"},"tools":{"psalm":{"version":"5.25.0","url":"https://github.com/vimeo/psalm/releases/download/5.25.0/psalm.phar","requirements":{"php":{"php":"^7.4 || ~8.0.0 || ~8.1.0 || ~8.2.0 || ~8.3.0","ext-SimpleXML":"*","ext-ctype":"*","ext-dom":"*","ext-json":"*","ext-libxml":"*","ext-mbstring":"*","ext-tokenizer":"*"}},"checksum":null,"signature":"https://github.com/vimeo/psalm/releases/download/5.25.0/psalm.phar.asc"}},"composerLock":null},"composer-require-checker":{"api-version":"1.0.0","version":"1.1.1.0","type":"php-file","url":"https://phpcq.github.io/repository/plugin/composer-require-checker/composer-require-checker-1.1.1.0.php","signature":null,"requirements":{"php":{"php":"^7.4 || ^8.0"},"tool":{"composer-require-checker":"^3.8 || ^4.0"}},"checksum":{"type":"sha-512","value":"d5415bddfe024c5749d894034583882aee4e5c3e1087815d9fdd81cb5e71630f631a0e35de0ff84b97fbbf738c16ece5f83bd8c00695913eb846aa6f04577dc2"},"tools":{"composer-require-checker":{"version":"4.11.0","url":"https://github.com/maglnet/ComposerRequireChecker/releases/download/4.11.0/composer-require-checker.phar","requirements":{"php":{"php":"~8.2.0 || ~8.3.0","ext-phar":"*"}},"checksum":null,"signature":"https://github.com/maglnet/ComposerRequireChecker/releases/download/4.11.0/composer-require-checker.phar.asc"}},"composerLock":null},"phpmd":{"api-version":"1.0.0","version":"1.0.2.0","type":"php-file","url":"https://phpcq.github.io/repository/plugin/phpmd/phpmd-1.0.2.0.php","signature":null,"requirements":{"php":{"php":"^7.3 || ^8.0","ext-dom":"*"},"tool":{"phpmd":"^2.6.1"}},"checksum":{"type":"sha-512","value":"f22280a6dec8dbdd2ec1d83b294f23237fe32c34f4a298e52038e0a7a0074d541635b2b488b1a6098a42d8418a6cd8eb804406ea82b91e362be2b5d11a0915b0"},"tools":{"phpmd":{"version":"2.15.0","url":"https://github.com/phpmd/phpmd/releases/download/2.15.0/phpmd.phar","requirements":{"php":{"php":">=5.3.9","ext-xml":"*"}},"checksum":null,"signature":"https://github.com/phpmd/phpmd/releases/download/2.15.0/phpmd.phar.asc"}},"composerLock":null},"phpcpd":{"api-version":"1.0.0","version":"1.1.1.0","type":"php-file","url":"https://phpcq.github.io/repository/plugin/phpcpd/phpcpd-1.1.1.0.php","signature":null,"requirements":{"php":{"php":"^7.3 || ^8.0","ext-dom":"*"},"tool":{"phpcpd":"^6.0"}},"checksum":{"type":"sha-512","value":"1189ce0bf3fade4cb4241f1d96f915ef8fc7651f4450dc79fdf464ee3d6be3009316f0d423ce2d4af9d76ad50807b7fdf4d77bfa6d9ee2c91d6eda32ea214433"},"tools":{"phpcpd":{"version":"6.0.3","url":"https://phar.phpunit.de/phpcpd-6.0.3.phar","requirements":{"php":{"php":">=7.3","ext-dom":"*"}},"checksum":{"type":"sha-256","value":"2cbaea7cfda1bb4299d863eb075e977c3f49055dd16d88529fae5150d48a84cb"},"signature":"https://phar.phpunit.de/phpcpd-6.0.3.phar.asc"}},"composerLock":null},"phploc":{"api-version":"1.0.0","version":"1.0.0.0","type":"php-file","url":"https://phpcq.github.io/repository/plugin/phploc/phploc-1.0.0.0.php","signature":null,"requirements":{"php":{"php":"^7.3 || ^8.0","ext-dom":"*","ext-json":"*"},"tool":{"phploc":"^3.0 || ^4.0 || ^5.0 || ^6.0 || ^7.0"}},"checksum":{"type":"sha-512","value":"f67b02d494796adf553cb3dd13ec06c1cb8e53c799954061749424251379541637538199afb3afa3c7a01cabd1cb6f1c53eb621f015dff9644c6c7cbf10c56d1"},"tools":{"phploc":{"version":"7.0.2","url":"https://phar.phpunit.de/phploc-7.0.2.phar","requirements":{"php":{"php":">=7.3","ext-dom":"*","ext-json":"*"}},"checksum":{"type":"sha-256","value":"3d59778ec86faf25fd00e3a329b2f9ad4a3c751ca91601ea7dab70f887b0bf46"},"signature":"https://phar.phpunit.de/phploc-7.0.2.phar.asc"}},"composerLock":null},"phpcs":{"api-version":"1.0.0","version":"1.2.0.0","type":"php-file","url":"https://phpcq.github.io/repository/plugin/phpcs/phpcs-1.2.0.0.php","signature":null,"requirements":{"php":{"php":"^7.3 || ^8.0","ext-dom":"*"},"tool":{"phpcs":"^3.0 || ^2.0","phpcbf":"^3.0 || ^2.0"}},"checksum":{"type":"sha-512","value":"b6ed00306e76068a6af5e3b1dec837724f9e1900ef1049ce88e7ce195b0583524ca33a73613fba13244307a7ca853b6ddaa14ded69f651c3f184ac130bd1aaad"},"tools":{"phpcs":{"version":"3.10.2","url":"https://github.com/PHPCSStandards/PHP_CodeSniffer/releases/download/3.10.2/phpcs.phar","requirements":{"php":{"php":">=5.4.0","ext-simplexml":"*","ext-tokenizer":"*","ext-xmlwriter":"*"}},"checksum":null,"signature":"https://github.com/PHPCSStandards/PHP_CodeSniffer/releases/download/3.10.2/phpcs.phar.asc"},"phpcbf":{"version":"3.10.2","url":"https://github.com/PHPCSStandards/PHP_CodeSniffer/releases/download/3.10.2/phpcbf.phar","requirements":{"php":{"php":">=5.4.0","ext-simplexml":"*","ext-tokenizer":"*","ext-xmlwriter":"*"}},"checksum":null,"signature":"https://github.com/PHPCSStandards/PHP_CodeSniffer/releases/download/3.10.2/phpcbf.phar.asc"}},"composerLock":null},"composer-normalize":{"api-version":"1.0.0","version":"1.1.1.0","type":"php-file","url":"https://phpcq.github.io/repository/plugin/composer-normalize/composer-normalize-1.1.1.0.php","signature":null,"requirements":{"php":{"php":"^7.3 || ^8.0","ext-json":"*"},"tool":{"composer-normalize":"^2.1"}},"checksum":{"type":"sha-512","value":"d9abda440b85d501c58abf9c81bf76f417594b397129215ffa8b777e9bb5e5eda37d7661d661db3c8d11c24f20345bc6fbe56f013b3b9435d459d2b94f086e0f"},"tools":{"composer-normalize":{"version":"2.43.0","url":"https://github.com/ergebnis/composer-normalize/releases/download/2.43.0/composer-normalize.phar","requirements":{"php":{"php":"~7.4.0 || ~8.0.0 || ~8.1.0 || ~8.2.0 || ~8.3.0","ext-json":"*"}},"checksum":null,"signature":"https://github.com/ergebnis/composer-normalize/releases/download/2.43.0/composer-normalize.phar.asc"}},"composerLock":null}},"tools":[]}